
Microsoft Visual Studio Solution File, Format Version 12.00
# Visual Studio Version 16
VisualStudioVersion = 16.0.30803.129
MinimumVisualStudioVersion = 10.0.40219.1
Project("{FAE04EC0-301F-11D3-BF4B-00C04F79EFBC}") = "PlayniteMultiMCLibrary", "PlayniteMultiMCLibrary\PlayniteMultiMCLibrary.csproj", "{BFD8DA9D-0C29-439C-8D91-BBD7FA113284}"
EndProject
Global
	GlobalSection(SolutionConfigurationPlatforms) = preSolution
		Debug|Any CPU = Debug|Any CPU
		Release|Any CPU = Release|Any CPU
	EndGlobalSection
	GlobalSection(ProjectConfigurationPlatforms) = postSolution
		{BFD8DA9D-0C29-439C-8D91-BBD7FA113284}.Debug|Any CPU.ActiveCfg = Debug|Any CPU
		{BFD8DA9D-0C29-439C-8D91-BBD7FA113284}.Debug|Any CPU.Build.0 = Debug|Any CPU
		{BFD8DA9D-0C29-439C-8D91-BBD7FA113284}.Release|Any CPU.ActiveCfg = Release|Any CPU
		{BFD8DA9D-0C29-439C-8D91-BBD7FA113284}.Release|Any CPU.Build.0 = Release|Any CPU
	EndGlobalSection
	GlobalSection(SolutionProperties) = preSolution
		HideSolutionNode = FALSE
	EndGlobalSection
	GlobalSection(ExtensibilityGlobals) = postSolution
		SolutionGuid = {EA97FB76-4F83-4ADF-BA18-391567D63A3F}
	EndGlobalSection
EndGlobal
